Microsoft Visual Studio Solution File, Format Version 12.00
# Visual Studio Version 16
VisualStudioVersion = 16.0.31005.135
MinimumVisualStudioVersion = 10.0.40219.1
Project("{FAE04EC0-301F-11D3-BF4B-00C04F79EFBC}") = "SlotExtender", "SlotExtender\SlotExtender.csproj", "{38021293-9C9F-474A-A3F0-C782FC93A15A}"
EndProject
Project("{D954291E-2A0B-460D-934E-DC6B0785DB48}") = "Common", "Common\Common.shproj", "{B2710992-57F8-4B97-8FF3-F96E1085FEC2}"
EndProject
Global
	GlobalSection(SharedMSBuildProjectFiles) = preSolution
		Common\Common.projitems*{38021293-9c9f-474a-a3f0-c782fc93a15a}*SharedItemsImports = 4
		Common\Common.projitems*{b2710992-57f8-4b97-8ff3-f96e1085fec2}*SharedItemsImports = 13
	EndGlobalSection
	GlobalSection(SolutionConfigurationPlatforms) = preSolution
		Debug|Any CPU = Debug|Any CPU
		Release|Any CPU = Release|Any CPU
	EndGlobalSection
	GlobalSection(ProjectConfigurationPlatforms) = postSolution
		{38021293-9C9F-474A-A3F0-C782FC93A15A}.Debug|Any CPU.ActiveCfg = Debug|Any CPU
		{38021293-9C9F-474A-A3F0-C782FC93A15A}.Debug|Any CPU.Build.0 = Debug|Any CPU
		{38021293-9C9F-474A-A3F0-C782FC93A15A}.Release|Any CPU.ActiveCfg = Release|Any CPU
		{38021293-9C9F-474A-A3F0-C782FC93A15A}.Release|Any CPU.Build.0 = Release|Any CPU
	EndGlobalSection
	GlobalSection(SolutionProperties) = preSolution
		HideSolutionNode = FALSE
	EndGlobalSection
	GlobalSection(ExtensibilityGlobals) = postSolution
		SolutionGuid = {B92D2896-86C7-484F-ACD7-BB4BF91DC50B}
	EndGlobalSection
EndGlobal
